//1)Վերցնում է անուն ազգանուն ,արտածում մեծատառով սկսվող փոքրատառով  անուն ազգանուն
name=input("please enter your first name")
name=name.lower()
name=name.capitalize()
surname=input("please enter your last name")
surname=surname.lower()
surname=surname.capitalize()
print("Hello "+name+" "+surname)
